// !$*UTF8*$!
{
	archiveVersion = 1;
	classes = {
	};
	objectVersion = 56;
	objects = {

/* Begin PBXBuildFile section */
		960600012C2C24C500E5192D /* MergeSort.swift in Sources */ = {isa = PBXBuildFile; fileRef = 960600002C2C24C500E5192D /* MergeSort.swift */; };
		9606FFDA2C2B951500E5192D /* AppDelegate.swift in Sources */ = {isa = PBXBuildFile; fileRef = 9606FFD92C2B951500E5192D /* AppDelegate.swift */; };
		9606FFDC2C2B951500E5192D /* SceneDelegate.swift in Sources */ = {isa = PBXBuildFile; fileRef = 9606FFDB2C2B951500E5192D /* SceneDelegate.swift */; };
		9606FFDE2C2B951500E5192D /* ViewController.swift in Sources */ = {isa = PBXBuildFile; fileRef = 9606FFDD2C2B951500E5192D /* ViewController.swift */; };
		9606FFE12C2B951500E5192D /* Base in Resources */ = {isa = PBXBuildFile; fileRef = 9606FFE02C2B951500E5192D /* Base */; };
		9606FFE32C2B951700E5192D /* Assets.xcassets in Resources */ = {isa = PBXBuildFile; fileRef = 9606FFE22C2B951700E5192D /* Assets.xcassets */; };
		9606FFE62C2B951700E5192D /* Base in Resources */ = {isa = PBXBuildFile; fileRef = 9606FFE52C2B951700E5192D /* Base */; };
		9606FFF32C2B959400E5192D /* 项目代码类前缀替换.md in Resources */ = {isa = PBXBuildFile; fileRef = 9606FFEF2C2B959400E5192D /* 项目代码类前缀替换.md */; };
		9606FFF52C2B959400E5192D /* rename.rb in Resources */ = {isa = PBXBuildFile; fileRef = 9606FFF12C2B959400E5192D /* rename.rb */; };
		9606FFF72C2B95FE00E5192D /* find_rename_classes.rb in Resources */ = {isa = PBXBuildFile; fileRef = 9606FFF62C2B95FE00E5192D /* find_rename_classes.rb */; };
		9606FFFA2C2B997600E5192D /* UIImage+resizeAndCrop.swift in Sources */ = {isa = PBXBuildFile; fileRef = 9606FFF92C2B997600E5192D /* UIImage+resizeAndCrop.swift */; };
		9606FFFE2C2C1C3500E5192D /* InsertSort.swift in Sources */ = {isa = PBXBuildFile; fileRef = 9606FFFD2C2C1C3500E5192D /* InsertSort.swift */; };
/* End PBXBuildFile section */

/* Begin PBXFileReference section */
		960600002C2C24C500E5192D /* MergeSort.swift */ = {isa = PBXFileReference; lastKnownFileType = sourcecode.swift; path = MergeSort.swift; sourceTree = "<group>"; };
		9606FFD62C2B951500E5192D /* AlgorithmsInSwift.app */ = {isa = PBXFileReference; explicitFileType = wrapper.application; includeInIndex = 0; path = AlgorithmsInSwift.app; sourceTree = BUILT_PRODUCTS_DIR; };
		9606FFD92C2B951500E5192D /* AppDelegate.swift */ = {isa = PBXFileReference; lastKnownFileType = sourcecode.swift; path = AppDelegate.swift; sourceTree = "<group>"; };
		9606FFDB2C2B951500E5192D /* SceneDelegate.swift */ = {isa = PBXFileReference; lastKnownFileType = sourcecode.swift; path = SceneDelegate.swift; sourceTree = "<group>"; };
		9606FFDD2C2B951500E5192D /* ViewController.swift */ = {isa = PBXFileReference; lastKnownFileType = sourcecode.swift; path = ViewController.swift; sourceTree = "<group>"; };
		9606FFE02C2B951500E5192D /* Base */ = {isa = PBXFileReference; lastKnownFileType = file.storyboard; name = Base; path = Base.lproj/Main.storyboard; sourceTree = "<group>"; };
		9606FFE22C2B951700E5192D /* Assets.xcassets */ = {isa = PBXFileReference; lastKnownFileType = folder.assetcatalog; path = Assets.xcassets; sourceTree = "<group>"; };
		9606FFE52C2B951700E5192D /* Base */ = {isa = PBXFileReference; lastKnownFileType = file.storyboard; name = Base; path = Base.lproj/LaunchScreen.storyboard; sourceTree = "<group>"; };
		9606FFE72C2B951700E5192D /* Info.plist */ = {isa = PBXFileReference; lastKnownFileType = text.plist.xml; path = Info.plist; sourceTree = "<group>"; };
		9606FFEF2C2B959400E5192D /* 项目代码类前缀替换.md */ = {isa = PBXFileReference; fileEncoding = 4; lastKnownFileType = net.daringfireball.markdown; path = "项目代码类前缀替换.md"; sourceTree = "<group>"; };
		9606FFF12C2B959400E5192D /* rename.rb */ = {isa = PBXFileReference; fileEncoding = 4; lastKnownFileType = text.script.ruby; path = rename.rb; sourceTree = "<group>"; };
		9606FFF62C2B95FE00E5192D /* find_rename_classes.rb */ = {isa = PBXFileReference; fileEncoding = 4; lastKnownFileType = text.script.ruby; name = find_rename_classes.rb; path = "../../../../../ChatMe-iOS/find_rename_classes.rb"; sourceTree = "<group>"; };
		9606FFF92C2B997600E5192D /* UIImage+resizeAndCrop.swift */ = {isa = PBXFileReference; lastKnownFileType = sourcecode.swift; path = "UIImage+resizeAndCrop.swift"; sourceTree = "<group>"; };
		9606FFFD2C2C1C3500E5192D /* InsertSort.swift */ = {isa = PBXFileReference; lastKnownFileType = sourcecode.swift; path = InsertSort.swift; sourceTree = "<group>"; };
/* End PBXFileReference section */

/* Begin PBXFrameworksBuildPhase section */
		9606FFD32C2B951500E5192D /* Frameworks */ = {
			isa = PBXFrameworksBuildPhase;
			buildActionMask = 2147483647;
			files = (
			);
			runOnlyForDeploymentPostprocessing = 0;
		};
/* End PBXFrameworksBuildPhase section */

/* Begin PBXGroup section */
		9606FFCD2C2B951500E5192D = {
			isa = PBXGroup;
			children = (
				9606FFD82C2B951500E5192D /* AlgorithmsInSwift */,
				9606FFD72C2B951500E5192D /* Products */,
			);
			sourceTree = "<group>";
		};
		9606FFD72C2B951500E5192D /* Products */ = {
			isa = PBXGroup;
			children = (
				9606FFD62C2B951500E5192D /* AlgorithmsInSwift.app */,
			);
			name = Products;
			sourceTree = "<group>";
		};
		9606FFD82C2B951500E5192D /* AlgorithmsInSwift */ = {
			isa = PBXGroup;
			children = (
				9606FFD92C2B951500E5192D /* AppDelegate.swift */,
				9606FFDB2C2B951500E5192D /* SceneDelegate.swift */,
				9606FFDD2C2B951500E5192D /* ViewController.swift */,
				9606FFEE2C2B952600E5192D /* Algorithms */,
				9606FFED2C2B952200E5192D /* others */,
				9606FFDF2C2B951500E5192D /* Main.storyboard */,
				9606FFE22C2B951700E5192D /* Assets.xcassets */,
				9606FFE42C2B951700E5192D /* LaunchScreen.storyboard */,
				9606FFE72C2B951700E5192D /* Info.plist */,
			);
			path = AlgorithmsInSwift;
			sourceTree = "<group>";
		};
		9606FFED2C2B952200E5192D /* others */ = {
			isa = PBXGroup;
			children = (
				9606FFF82C2B960200E5192D /* 聊天列表图片缩略图生成 */,
				9606FFF22C2B959400E5192D /* 项目替换前缀 */,
			);
			path = others;
			sourceTree = "<group>";
		};
		9606FFEE2C2B952600E5192D /* Algorithms */ = {
			isa = PBXGroup;
			children = (
				9606FFFB2C2C1BF600E5192D /* 算法基础2 */,
			);
			path = Algorithms;
			sourceTree = "<group>";
		};
		9606FFF22C2B959400E5192D /* 项目替换前缀 */ = {
			isa = PBXGroup;
			children = (
				9606FFF62C2B95FE00E5192D /* find_rename_classes.rb */,
				9606FFEF2C2B959400E5192D /* 项目代码类前缀替换.md */,
				9606FFF12C2B959400E5192D /* rename.rb */,
			);
			path = "项目替换前缀";
			sourceTree = "<group>";
		};
		9606FFF82C2B960200E5192D /* 聊天列表图片缩略图生成 */ = {
			isa = PBXGroup;
			children = (
				9606FFF92C2B997600E5192D /* UIImage+resizeAndCrop.swift */,
			);
			path = "聊天列表图片缩略图生成";
			sourceTree = "<group>";
		};
		9606FFFB2C2C1BF600E5192D /* 算法基础2 */ = {
			isa = PBXGroup;
			children = (
				9606FFFC2C2C1C0200E5192D /* 插入排序2.2 */,
				9606FFFF2C2C244900E5192D /* 设计算法-分治法2.3 */,
			);
			path = "算法基础2";
			sourceTree = "<group>";
		};
		9606FFFC2C2C1C0200E5192D /* 插入排序2.2 */ = {
			isa = PBXGroup;
			children = (
				9606FFFD2C2C1C3500E5192D /* InsertSort.swift */,
			);
			path = "插入排序2.2";
			sourceTree = "<group>";
		};
		9606FFFF2C2C244900E5192D /* 设计算法-分治法2.3 */ = {
			isa = PBXGroup;
			children = (
				960600002C2C24C500E5192D /* MergeSort.swift */,
			);
			path = "设计算法-分治法2.3";
			sourceTree = "<group>";
		};
/* End PBXGroup section */

/* Begin PBXNativeTarget section */
		9606FFD52C2B951500E5192D /* AlgorithmsInSwift */ = {
			isa = PBXNativeTarget;
			buildConfigurationList = 9606FFEA2C2B951700E5192D /* Build configuration list for PBXNativeTarget "AlgorithmsInSwift" */;
			buildPhases = (
				9606FFD22C2B951500E5192D /* Sources */,
				9606FFD32C2B951500E5192D /* Frameworks */,
				9606FFD42C2B951500E5192D /* Resources */,
			);
			buildRules = (
			);
			dependencies = (
			);
			name = AlgorithmsInSwift;
			productName = AlgorithmsInSwift;
			productReference = 9606FFD62C2B951500E5192D /* AlgorithmsInSwift.app */;
			productType = "com.apple.product-type.application";
		};
/* End PBXNativeTarget section */

/* Begin PBXProject section */
		9606FFCE2C2B951500E5192D /* Project object */ = {
			isa = PBXProject;
			attributes = {
				BuildIndependentTargetsInParallel = 1;
				LastSwiftUpdateCheck = 1530;
				LastUpgradeCheck = 1530;
				TargetAttributes = {
					9606FFD52C2B951500E5192D = {
						CreatedOnToolsVersion = 15.3;
					};
				};
			};
			buildConfigurationList = 9606FFD12C2B951500E5192D /* Build configuration list for PBXProject "AlgorithmsInSwift" */;
			compatibilityVersion = "Xcode 14.0";
			developmentRegion = en;
			hasScannedForEncodings = 0;
			knownRegions = (
				en,
				Base,
			);
			mainGroup = 9606FFCD2C2B951500E5192D;
			productRefGroup = 9606FFD72C2B951500E5192D /* Products */;
			projectDirPath = "";
			projectRoot = "";
			targets = (
				9606FFD52C2B951500E5192D /* AlgorithmsInSwift */,
			);
		};
/* End PBXProject section */

/* Begin PBXResourcesBuildPhase section */
		9606FFD42C2B951500E5192D /* Resources */ = {
			isa = PBXResourcesBuildPhase;
			buildActionMask = 2147483647;
			files = (
				9606FFE32C2B951700E5192D /* Assets.xcassets in Resources */,
				9606FFF52C2B959400E5192D /* rename.rb in Resources */,
				9606FFE62C2B951700E5192D /* Base in Resources */,
				9606FFE12C2B951500E5192D /* Base in Resources */,
				9606FFF32C2B959400E5192D /* 项目代码类前缀替换.md in Resources */,
				9606FFF72C2B95FE00E5192D /* find_rename_classes.rb in Resources */,
			);
			runOnlyForDeploymentPostprocessing = 0;
		};
/* End PBXResourcesBuildPhase section */

/* Begin PBXSourcesBuildPhase section */
		9606FFD22C2B951500E5192D /* Sources */ = {
			isa = PBXSourcesBuildPhase;
			buildActionMask = 2147483647;
			files = (
				960600012C2C24C500E5192D /* MergeSort.swift in Sources */,
				9606FFFE2C2C1C3500E5192D /* InsertSort.swift in Sources */,
				9606FFDE2C2B951500E5192D /* ViewController.swift in Sources */,
				9606FFFA2C2B997600E5192D /* UIImage+resizeAndCrop.swift in Sources */,
				9606FFDA2C2B951500E5192D /* AppDelegate.swift in Sources */,
				9606FFDC2C2B951500E5192D /* SceneDelegate.swift in Sources */,
			);
			runOnlyForDeploymentPostprocessing = 0;
		};
/* End PBXSourcesBuildPhase section */

/* Begin PBXVariantGroup section */
		9606FFDF2C2B951500E5192D /* Main.storyboard */ = {
			isa = PBXVariantGroup;
			children = (
				9606FFE02C2B951500E5192D /* Base */,
			);
			name = Main.storyboard;
			sourceTree = "<group>";
		};
		9606FFE42C2B951700E5192D /* LaunchScreen.storyboard */ = {
			isa = PBXVariantGroup;
			children = (
				9606FFE52C2B951700E5192D /* Base */,
			);
			name = LaunchScreen.storyboard;
			sourceTree = "<group>";
		};
/* End PBXVariantGroup section */

/* Begin XCBuildConfiguration section */
		9606FFE82C2B951700E5192D /* Debug */ = {
			isa = XCBuildConfiguration;
			buildSettings = {
				ALWAYS_SEARCH_USER_PATHS = NO;
				ASSETCATALOG_COMPILER_GENERATE_SWIFT_ASSET_SYMBOL_EXTENSIONS = YES;
				CLANG_ANALYZER_NONNULL = YES;
				CLANG_ANALYZER_NUMBER_OBJECT_CONVERSION = YES_AGGRESSIVE;
				CLANG_CXX_LANGUAGE_STANDARD = "gnu++20";
				CLANG_ENABLE_MODULES = YES;
				CLANG_ENABLE_OBJC_ARC = YES;
				CLANG_ENABLE_OBJC_WEAK = YES;
				CLANG_WARN_BLOCK_CAPTURE_AUTORELEASING = YES;
				CLANG_WARN_BOOL_CONVERSION = YES;
				CLANG_WARN_COMMA = YES;
				CLANG_WARN_CONSTANT_CONVERSION = YES;
				CLANG_WARN_DEPRECATED_OBJC_IMPLEMENTATIONS = YES;
				CLANG_WARN_DIRECT_OBJC_ISA_USAGE = YES_ERROR;
				CLANG_WARN_DOCUMENTATION_COMMENTS = YES;
				CLANG_WARN_EMPTY_BODY = YES;
				CLANG_WARN_ENUM_CONVERSION = YES;
				CLANG_WARN_INFINITE_RECURSION = YES;
				CLANG_WARN_INT_CONVERSION = YES;
				CLANG_WARN_NON_LITERAL_NULL_CONVERSION = YES;
				CLANG_WARN_OBJC_IMPLICIT_RETAIN_SELF = YES;
				CLANG_WARN_OBJC_LITERAL_CONVERSION = YES;
				CLANG_WARN_OBJC_ROOT_CLASS = YES_ERROR;
				CLANG_WARN_QUOTED_INCLUDE_IN_FRAMEWORK_HEADER = YES;
				CLANG_WARN_RANGE_LOOP_ANALYSIS = YES;
				CLANG_WARN_STRICT_PROTOTYPES = YES;
				CLANG_WARN_SUSPICIOUS_MOVE = YES;
				CLANG_WARN_UNGUARDED_AVAILABILITY = YES_AGGRESSIVE;
				CLANG_WARN_UNREACHABLE_CODE = YES;
				CLANG_WARN__DUPLICATE_METHOD_MATCH = YES;
				COPY_PHASE_STRIP = NO;
				DEBUG_INFORMATION_FORMAT = dwarf;
				ENABLE_STRICT_OBJC_MSGSEND = YES;
				ENABLE_TESTABILITY = YES;
				ENABLE_USER_SCRIPT_SANDBOXING = YES;
				GCC_C_LANGUAGE_STANDARD = gnu17;
				GCC_DYNAMIC_NO_PIC = NO;
				GCC_NO_COMMON_BLOCKS = YES;
				GCC_OPTIMIZATION_LEVEL = 0;
				GCC_PREPROCESSOR_DEFINITIONS = (
					"DEBUG=1",
					"$(inherited)",
				);
				GCC_WARN_64_TO_32_BIT_CONVERSION = YES;
				GCC_WARN_ABOUT_RETURN_TYPE = YES_ERROR;
				GCC_WARN_UNDECLARED_SELECTOR = YES;
				GCC_WARN_UNINITIALIZED_AUTOS = YES_AGGRESSIVE;
				GCC_WARN_UNUSED_FUNCTION = YES;
				GCC_WARN_UNUSED_VARIABLE = YES;
				IPHONEOS_DEPLOYMENT_TARGET = 17.4;
				LOCALIZATION_PREFERS_STRING_CATALOGS = YES;
				MTL_ENABLE_DEBUG_INFO = INCLUDE_SOURCE;
				MTL_FAST_MATH = YES;
				ONLY_ACTIVE_ARCH = YES;
				SDKROOT = iphoneos;
				SWIFT_ACTIVE_COMPILATION_CONDITIONS = "DEBUG $(inherited)";
				SWIFT_OPTIMIZATION_LEVEL = "-Onone";
			};
			name = Debug;
		};
		9606FFE92C2B951700E5192D /* Release */ = {
			isa = XCBuildConfiguration;
			buildSettings = {
				ALWAYS_SEARCH_USER_PATHS = NO;
				ASSETCATALOG_COMPILER_GENERATE_SWIFT_ASSET_SYMBOL_EXTENSIONS = YES;
				CLANG_ANALYZER_NONNULL = YES;
				CLANG_ANALYZER_NUMBER_OBJECT_CONVERSION = YES_AGGRESSIVE;
				CLANG_CXX_LANGUAGE_STANDARD = "gnu++20";
				CLANG_ENABLE_MODULES = YES;
				CLANG_ENABLE_OBJC_ARC = YES;
				CLANG_ENABLE_OBJC_WEAK = YES;
				CLANG_WARN_BLOCK_CAPTURE_AUTORELEASING = YES;
				CLANG_WARN_BOOL_CONVERSION = YES;
				CLANG_WARN_COMMA = YES;
				CLANG_WARN_CONSTANT_CONVERSION = YES;
				CLANG_WARN_DEPRECATED_OBJC_IMPLEMENTATIONS = YES;
				CLANG_WARN_DIRECT_OBJC_ISA_USAGE = YES_ERROR;
				CLANG_WARN_DOCUMENTATION_COMMENTS = YES;
				CLANG_WARN_EMPTY_BODY = YES;
				CLANG_WARN_ENUM_CONVERSION = YES;
				CLANG_WARN_INFINITE_RECURSION = YES;
				CLANG_WARN_INT_CONVERSION = YES;
				CLANG_WARN_NON_LITERAL_NULL_CONVERSION = YES;
				CLANG_WARN_OBJC_IMPLICIT_RETAIN_SELF = YES;
				CLANG_WARN_OBJC_LITERAL_CONVERSION = YES;
				CLANG_WARN_OBJC_ROOT_CLASS = YES_ERROR;
				CLANG_WARN_QUOTED_INCLUDE_IN_FRAMEWORK_HEADER = YES;
				CLANG_WARN_RANGE_LOOP_ANALYSIS = YES;
				CLANG_WARN_STRICT_PROTOTYPES = YES;
				CLANG_WARN_SUSPICIOUS_MOVE = YES;
				CLANG_WARN_UNGUARDED_AVAILABILITY = YES_AGGRESSIVE;
				CLANG_WARN_UNREACHABLE_CODE = YES;
				CLANG_WARN__DUPLICATE_METHOD_MATCH = YES;
				COPY_PHASE_STRIP = NO;
				DEBUG_INFORMATION_FORMAT = "dwarf-with-dsym";
				ENABLE_NS_ASSERTIONS = NO;
				ENABLE_STRICT_OBJC_MSGSEND = YES;
				ENABLE_USER_SCRIPT_SANDBOXING = YES;
				GCC_C_LANGUAGE_STANDARD = gnu17;
				GCC_NO_COMMON_BLOCKS = YES;
				GCC_WARN_64_TO_32_BIT_CONVERSION = YES;
				GCC_WARN_ABOUT_RETURN_TYPE = YES_ERROR;
				GCC_WARN_UNDECLARED_SELECTOR = YES;
				GCC_WARN_UNINITIALIZED_AUTOS = YES_AGGRESSIVE;
				GCC_WARN_UNUSED_FUNCTION = YES;
				GCC_WARN_UNUSED_VARIABLE = YES;
				IPHONEOS_DEPLOYMENT_TARGET = 17.4;
				LOCALIZATION_PREFERS_STRING_CATALOGS = YES;
				MTL_ENABLE_DEBUG_INFO = NO;
				MTL_FAST_MATH = YES;
				SDKROOT = iphoneos;
				SWIFT_COMPILATION_MODE = wholemodule;
				VALIDATE_PRODUCT = YES;
			};
			name = Release;
		};
		9606FFEB2C2B951700E5192D /* Debug */ = {
			isa = XCBuildConfiguration;
			buildSettings = {
				ASSETCATALOG_COMPILER_APPICON_NAME = AppIcon;
				ASSETCATALOG_COMPILER_GLOBAL_ACCENT_COLOR_NAME = AccentColor;
				CODE_SIGN_STYLE = Automatic;
				CURRENT_PROJECT_VERSION = 1;
				DEVELOPMENT_TEAM = 3BW8B7CDKG;
				GENERATE_INFOPLIST_FILE = YES;
				INFOPLIST_FILE = AlgorithmsInSwift/Info.plist;
				INFOPLIST_KEY_UIApplicationSupportsIndirectInputEvents = YES;
				INFOPLIST_KEY_UILaunchStoryboardName = LaunchScreen;
				INFOPLIST_KEY_UIMainStoryboardFile = Main;
				INFOPLIST_KEY_UISupportedInterfaceOrientations_iPad = "UIInterfaceOrientationPortrait UIInterfaceOrientationPortraitUpsideDown UIInterfaceOrientationLandscapeLeft UIInterfaceOrientationLandscapeRight";
				INFOPLIST_KEY_UISupportedInterfaceOrientations_iPhone = "UIInterfaceOrientationPortrait UIInterfaceOrientationLandscapeLeft UIInterfaceOrientationLandscapeRight";
				LD_RUNPATH_SEARCH_PATHS = (
					"$(inherited)",
					"@executable_path/Frameworks",
				);
				MARKETING_VERSION = 1.0;
				PRODUCT_BUNDLE_IDENTIFIER = "-.AlgorithmsInSwift";
				PRODUCT_NAME = "$(TARGET_NAME)";
				SWIFT_EMIT_LOC_STRINGS = YES;
				SWIFT_VERSION = 5.0;
				TARGETED_DEVICE_FAMILY = "1,2";
			};
			name = Debug;
		};
		9606FFEC2C2B951700E5192D /* Release */ = {
			isa = XCBuildConfiguration;
			buildSettings = {
				ASSETCATALOG_COMPILER_APPICON_NAME = AppIcon;
				ASSETCATALOG_COMPILER_GLOBAL_ACCENT_COLOR_NAME = AccentColor;
				CODE_SIGN_STYLE = Automatic;
				CURRENT_PROJECT_VERSION = 1;
				DEVELOPMENT_TEAM = 3BW8B7CDKG;
				GENERATE_INFOPLIST_FILE = YES;
				INFOPLIST_FILE = AlgorithmsInSwift/Info.plist;
				INFOPLIST_KEY_UIApplicationSupportsIndirectInputEvents = YES;
				INFOPLIST_KEY_UILaunchStoryboardName = LaunchScreen;
				INFOPLIST_KEY_UIMainStoryboardFile = Main;
				INFOPLIST_KEY_UISupportedInterfaceOrientations_iPad = "UIInterfaceOrientationPortrait UIInterfaceOrientationPortraitUpsideDown UIInterfaceOrientationLandscapeLeft UIInterfaceOrientationLandscapeRight";
				INFOPLIST_KEY_UISupportedInterfaceOrientations_iPhone = "UIInterfaceOrientationPortrait UIInterfaceOrientationLandscapeLeft UIInterfaceOrientationLandscapeRight";
				LD_RUNPATH_SEARCH_PATHS = (
					"$(inherited)",
					"@executable_path/Frameworks",
				);
				MARKETING_VERSION = 1.0;
				PRODUCT_BUNDLE_IDENTIFIER = "-.AlgorithmsInSwift";
				PRODUCT_NAME = "$(TARGET_NAME)";
				SWIFT_EMIT_LOC_STRINGS = YES;
				SWIFT_VERSION = 5.0;
				TARGETED_DEVICE_FAMILY = "1,2";
			};
			name = Release;
		};
/* End XCBuildConfiguration section */

/* Begin XCConfigurationList section */
		9606FFD12C2B951500E5192D /* Build configuration list for PBXProject "AlgorithmsInSwift" */ = {
			isa = XCConfigurationList;
			buildConfigurations = (
				9606FFE82C2B951700E5192D /* Debug */,
				9606FFE92C2B951700E5192D /* Release */,
			);
			defaultConfigurationIsVisible = 0;
			defaultConfigurationName = Release;
		};
		9606FFEA2C2B951700E5192D /* Build configuration list for PBXNativeTarget "AlgorithmsInSwift" */ = {
			isa = XCConfigurationList;
			buildConfigurations = (
				9606FFEB2C2B951700E5192D /* Debug */,
				9606FFEC2C2B951700E5192D /* Release */,
			);
			defaultConfigurationIsVisible = 0;
			defaultConfigurationName = Release;
		};
/* End XCConfigurationList section */
	};
	rootObject = 9606FFCE2C2B951500E5192D /* Project object */;
}
